
Microsoft Visual Studio Solution File, Format Version 12.00
# Visual Studio 15
VisualStudioVersion = 15.0.27130.2027
MinimumVisualStudioVersion = 10.0.40219.1
Project("{FAE04EC0-301F-11D3-BF4B-00C04F79EFBC}") = "Auth0Echo", "Auth0Echo\Auth0Echo.csproj", "{4765218F-0F5D-4EB3-AE77-825DC050031C}"
EndProject
Global
	GlobalSection(SolutionConfigurationPlatforms) = preSolution
		Debug|Any CPU = Debug|Any CPU
		Release|Any CPU = Release|Any CPU
	EndGlobalSection
	GlobalSection(ProjectConfigurationPlatforms) = postSolution
		{4765218F-0F5D-4EB3-AE77-825DC050031C}.Debug|Any CPU.ActiveCfg = Debug|Any CPU
		{4765218F-0F5D-4EB3-AE77-825DC050031C}.Debug|Any CPU.Build.0 = Debug|Any CPU
		{4765218F-0F5D-4EB3-AE77-825DC050031C}.Release|Any CPU.ActiveCfg = Release|Any CPU
		{4765218F-0F5D-4EB3-AE77-825DC050031C}.Release|Any CPU.Build.0 = Release|Any CPU
	EndGlobalSection
	GlobalSection(SolutionProperties) = preSolution
		HideSolutionNode = FALSE
	EndGlobalSection
	GlobalSection(ExtensibilityGlobals) = postSolution
		SolutionGuid = {D1C46A65-A310-46EC-9967-E9C78617E2FC}
	EndGlobalSection
EndGlobal
